
Microsoft Visual Studio Solution File, Format Version 12.00
# Visual Studio 15
VisualStudioVersion = 15.0.28010.2019
MinimumVisualStudioVersion = 10.0.40219.1
Project("{9A19103F-16F7-4668-BE54-9A1E7A4F7556}") = "Blog.Web", "Blog.Web\Blog.Web.csproj", "{E6593F6E-1A68-4B53-9B8B-0DE5FFBDDA79}"
EndProject
Project("{9A19103F-16F7-4668-BE54-9A1E7A4F7556}") = "Blog.Core", "Blog.Core\Blog.Core.csproj", "{0041510D-1359-4F65-86E4-B9D967BC5E65}"
EndProject
Project("{9A19103F-16F7-4668-BE54-9A1E7A4F7556}") = "Blog.Core.Tests", "Blog.Core.Tests\Blog.Core.Tests.csproj", "{1A6B9F55-D646-4E12-94A2-E7848D4EECDB}"
EndProject
Global
	GlobalSection(SolutionConfigurationPlatforms) = preSolution
		Debug|Any CPU = Debug|Any CPU
		Release|Any CPU = Release|Any CPU
	EndGlobalSection
	GlobalSection(ProjectConfigurationPlatforms) = postSolution
		{E6593F6E-1A68-4B53-9B8B-0DE5FFBDDA79}.Debug|Any CPU.ActiveCfg = Debug|Any CPU
		{E6593F6E-1A68-4B53-9B8B-0DE5FFBDDA79}.Debug|Any CPU.Build.0 = Debug|Any CPU
		{E6593F6E-1A68-4B53-9B8B-0DE5FFBDDA79}.Release|Any CPU.ActiveCfg = Release|Any CPU
		{E6593F6E-1A68-4B53-9B8B-0DE5FFBDDA79}.Release|Any CPU.Build.0 = Release|Any CPU
		{0041510D-1359-4F65-86E4-B9D967BC5E65}.Debug|Any CPU.ActiveCfg = Debug|Any CPU
		{0041510D-1359-4F65-86E4-B9D967BC5E65}.Debug|Any CPU.Build.0 = Debug|Any CPU
		{0041510D-1359-4F65-86E4-B9D967BC5E65}.Release|Any CPU.ActiveCfg = Release|Any CPU
		{0041510D-1359-4F65-86E4-B9D967BC5E65}.Release|Any CPU.Build.0 = Release|Any CPU
		{1A6B9F55-D646-4E12-94A2-E7848D4EECDB}.Debug|Any CPU.ActiveCfg = Debug|Any CPU
		{1A6B9F55-D646-4E12-94A2-E7848D4EECDB}.Debug|Any CPU.Build.0 = Debug|Any CPU
		{1A6B9F55-D646-4E12-94A2-E7848D4EECDB}.Release|Any CPU.ActiveCfg = Release|Any CPU
		{1A6B9F55-D646-4E12-94A2-E7848D4EECDB}.Release|Any CPU.Build.0 = Release|Any CPU
	EndGlobalSection
	GlobalSection(SolutionProperties) = preSolution
		HideSolutionNode = FALSE
	EndGlobalSection
	GlobalSection(ExtensibilityGlobals) = postSolution
		SolutionGuid = {5CC957DE-61C1-49F7-9066-25720EF53D52}
	EndGlobalSection
EndGlobal
